
Microsoft Visual Studio Solution File, Format Version 12.00
# Visual Studio Version 17
VisualStudioVersion = 17.10.35027.167
MinimumVisualStudioVersion = 10.0.40219.1
Project("{FAE04EC0-301F-11D3-BF4B-00C04F79EFBC}") = "basic_crud_app", "basic_crud_app.csproj", "{544A7CB6-7CCD-472C-B2F1-5256F4C134B2}"
EndProject
Global
	GlobalSection(SolutionConfigurationPlatforms) = preSolution
		Debug|Any CPU = Debug|Any CPU
		Release|Any CPU = Release|Any CPU
	EndGlobalSection
	GlobalSection(ProjectConfigurationPlatforms) = postSolution
		{544A7CB6-7CCD-472C-B2F1-5256F4C134B2}.Debug|Any CPU.ActiveCfg = Debug|Any CPU
		{544A7CB6-7CCD-472C-B2F1-5256F4C134B2}.Debug|Any CPU.Build.0 = Debug|Any CPU
		{544A7CB6-7CCD-472C-B2F1-5256F4C134B2}.Release|Any CPU.ActiveCfg = Release|Any CPU
		{544A7CB6-7CCD-472C-B2F1-5256F4C134B2}.Release|Any CPU.Build.0 = Release|Any CPU
	EndGlobalSection
	GlobalSection(SolutionProperties) = preSolution
		HideSolutionNode = FALSE
	EndGlobalSection
	GlobalSection(ExtensibilityGlobals) = postSolution
		SolutionGuid = {03EF63A9-CB08-4ABF-A00A-240119EA104E}
	EndGlobalSection
EndGlobal
